{
    "_readme": [
        "This file locks the dependencies of your project to a known state",
        "Read more about it at https://getcomposer.org/doc/01-basic-usage.md#composer-lock-the-lock-file",
        "This file is @generated automatically"
    ],
    "content-hash": "7a831e4d9934e49f2d24e9a4b768c110",
    "packages": [
        {
            "name": "naresh/test",
            "version": "1.0.0",
            "source": {
                "type": "git",
                "url": "https://github.com/NareshMaharzan/test.git",
                "reference": "5caaaef91705365174700e1397d56ebb8c37409a"
            },
            "dist": {
                "type": "zip",
                "url": "https://api.github.com/repos/NareshMaharzan/test/zipball/5caaaef91705365174700e1397d56ebb8c37409a",
                "reference": "5caaaef91705365174700e1397d56ebb8c37409a",
                "shasum": ""
            },
            "type": "library",
            "authors": [
                {
                    "name": "Naresh Maharjan",
                    "email": "naresh.maharjan@cashrewards.com"
                }
            ],
            "support": {
                "source": "https://github.com/NareshMaharzan/test/tree/1.0.0",
                "issues": "https://github.com/NareshMaharzan/test/issues"
            },
            "time": "2018-03-12T08:26:32+00:00"
        }
    ],
    "packages-dev": [],
    "aliases": [],
    "minimum-stability": "stable",
    "stability-flags": [],
    "prefer-stable": false,
    "prefer-lowest": false,
    "platform": [],
    "platform-dev": []
}
